// !$*UTF8*$!
{
	archiveVersion = 1;
	classes = {
	};
	objectVersion = 48;
	objects = {

/* Begin PBXBuildFile section */
		A07DAC10205AB6D1007DB71D /* AppDelegate.swift in Sources */ = {isa = PBXBuildFile; fileRef = A07DAC0F205AB6D1007DB71D /* AppDelegate.swift */; };
		A07DAC12205AB6D1007DB71D /* ViewController.swift in Sources */ = {isa = PBXBuildFile; fileRef = A07DAC11205AB6D1007DB71D /* ViewController.swift */; };
		A07DAC15205AB6D2007DB71D /* Main.storyboard in Resources */ = {isa = PBXBuildFile; fileRef = A07DAC13205AB6D2007DB71D /* Main.storyboard */; };
		A07DAC17205AB6D2007DB71D /* Assets.xcassets in Resources */ = {isa = PBXBuildFile; fileRef = A07DAC16205AB6D2007DB71D /* Assets.xcassets */; };
		A07DAC1A205AB6D2007DB71D /* LaunchScreen.storyboard in Resources */ = {isa = PBXBuildFile; fileRef = A07DAC18205AB6D2007DB71D /* LaunchScreen.storyboard */; };
		A07DAC29205ACF40007DB71D /* LocalAuthentication.framework in Frameworks */ = {isa = PBXBuildFile; fileRef = A07DAC28205ACF3F007DB71D /* LocalAuthentication.framework */; };
/* End PBXBuildFile section */

/* Begin PBXFileReference section */
		A07DAC0C205AB6D1007DB71D /* TouchID Autentification.app */ = {isa = PBXFileReference; explicitFileType = wrapper.application; includeInIndex = 0; path = "TouchID Autentification.app"; sourceTree = BUILT_PRODUCTS_DIR; };
		A07DAC0F205AB6D1007DB71D /* AppDelegate.swift */ = {isa = PBXFileReference; lastKnownFileType = sourcecode.swift; path = AppDelegate.swift; sourceTree = "<group>"; };
		A07DAC11205AB6D1007DB71D /* ViewController.swift */ = {isa = PBXFileReference; lastKnownFileType = sourcecode.swift; path = ViewController.swift; sourceTree = "<group>"; };
		A07DAC14205AB6D2007DB71D /* Base */ = {isa = PBXFileReference; lastKnownFileType = file.storyboard; name = Base; path = Base.lproj/Main.storyboard; sourceTree = "<group>"; };
		A07DAC16205AB6D2007DB71D /* Assets.xcassets */ = {isa = PBXFileReference; lastKnownFileType = folder.assetcatalog; path = Assets.xcassets; sourceTree = "<group>"; };
		A07DAC19205AB6D2007DB71D /* Base */ = {isa = PBXFileReference; lastKnownFileType = file.storyboard; name = Base; path = Base.lproj/LaunchScreen.storyboard; sourceTree = "<group>"; };
		A07DAC1B205AB6D2007DB71D /* Info.plist */ = {isa = PBXFileReference; lastKnownFileType = text.plist.xml; path = Info.plist; sourceTree = "<group>"; };
		A07DAC28205ACF3F007DB71D /* LocalAuthentication.framework */ = {isa = PBXFileReference; lastKnownFileType = wrapper.framework; name = LocalAuthentication.framework; path = System/Library/Frameworks/LocalAuthentication.framework; sourceTree = SDKROOT; };
/* End PBXFileReference section */

/* Begin PBXFrameworksBuildPhase section */
		A07DAC09205AB6D1007DB71D /* Frameworks */ = {
			isa = PBXFrameworksBuildPhase;
			buildActionMask = 2147483647;
			files = (
				A07DAC29205ACF40007DB71D /* LocalAuthentication.framework in Frameworks */,
			);
			runOnlyForDeploymentPostprocessing = 0;
		};
/* End PBXFrameworksBuildPhase section */

/* Begin PBXGroup section */
		A07DAC03205AB6D1007DB71D = {
			isa = PBXGroup;
			children = (
				A07DAC0E205AB6D1007DB71D /* TouchID Autentification */,
				A07DAC0D205AB6D1007DB71D /* Products */,
				A07DAC27205ACF3F007DB71D /* Frameworks */,
			);
			sourceTree = "<group>";
		};
		A07DAC0D205AB6D1007DB71D /* Products */ = {
			isa = PBXGroup;
			children = (
				A07DAC0C205AB6D1007DB71D /* TouchID Autentification.app */,
			);
			name = Products;
			sourceTree = "<group>";
		};
		A07DAC0E205AB6D1007DB71D /* TouchID Autentification */ = {
			isa = PBXGroup;
			children = (
				A07DAC0F205AB6D1007DB71D /* AppDelegate.swift */,
				A07DAC11205AB6D1007DB71D /* ViewController.swift */,
				A07DAC13205AB6D2007DB71D /* Main.storyboard */,
				A07DAC16205AB6D2007DB71D /* Assets.xcassets */,
				A07DAC18205AB6D2007DB71D /* LaunchScreen.storyboard */,
				A07DAC1B205AB6D2007DB71D /* Info.plist */,
			);
			path = "TouchID Autentification";
			sourceTree = "<group>";
		};
		A07DAC27205ACF3F007DB71D /* Frameworks */ = {
			isa = PBXGroup;
			children = (
				A07DAC28205ACF3F007DB71D /* LocalAuthentication.framework */,
			);
			name = Frameworks;
			sourceTree = "<group>";
		};
/* End PBXGroup section */

/* Begin PBXNativeTarget section */
		A07DAC0B205AB6D1007DB71D /* TouchID Autentification */ = {
			isa = PBXNativeTarget;
			buildConfigurationList = A07DAC1E205AB6D2007DB71D /* Build configuration list for PBXNativeTarget "TouchID Autentification" */;
			buildPhases = (
				A07DAC08205AB6D1007DB71D /* Sources */,
				A07DAC09205AB6D1007DB71D /* Frameworks */,
				A07DAC0A205AB6D1007DB71D /* Resources */,
			);
			buildRules = (
			);
			dependencies = (
			);
			name = "TouchID Autentification";
			productName = "TouchID Autentification";
			productReference = A07DAC0C205AB6D1007DB71D /* TouchID Autentification.app */;
			productType = "com.apple.product-type.application";
		};
/* End PBXNativeTarget section */

/* Begin PBXProject section */
		A07DAC04205AB6D1007DB71D /* Project object */ = {
			isa = PBXProject;
			attributes = {
				LastSwiftUpdateCheck = 0920;
				LastUpgradeCheck = 0920;
				ORGANIZATIONNAME = JHORJE18;
				TargetAttributes = {
					A07DAC0B205AB6D1007DB71D = {
						CreatedOnToolsVersion = 9.2;
						ProvisioningStyle = Automatic;
					};
				};
			};
			buildConfigurationList = A07DAC07205AB6D1007DB71D /* Build configuration list for PBXProject "TouchID Autentification" */;
			compatibilityVersion = "Xcode 8.0";
			developmentRegion = en;
			hasScannedForEncodings = 0;
			knownRegions = (
				en,
				Base,
			);
			mainGroup = A07DAC03205AB6D1007DB71D;
			productRefGroup = A07DAC0D205AB6D1007DB71D /* Products */;
			projectDirPath = "";
			projectRoot = "";
			targets = (
				A07DAC0B205AB6D1007DB71D /* TouchID Autentification */,
			);
		};
/* End PBXProject section */

/* Begin PBXResourcesBuildPhase section */
		A07DAC0A205AB6D1007DB71D /* Resources */ = {
			isa = PBXResourcesBuildPhase;
			buildActionMask = 2147483647;
			files = (
				A07DAC1A205AB6D2007DB71D /* LaunchScreen.storyboard in Resources */,
				A07DAC17205AB6D2007DB71D /* Assets.xcassets in Resources */,
				A07DAC15205AB6D2007DB71D /* Main.storyboard in Resources */,
			);
			runOnlyForDeploymentPostprocessing = 0;
		};
/* End PBXResourcesBuildPhase section */

/* Begin PBXSourcesBuildPhase section */
		A07DAC08205AB6D1007DB71D /* Sources */ = {
			isa = PBXSourcesBuildPhase;
			buildActionMask = 2147483647;
			files = (
				A07DAC12205AB6D1007DB71D /* ViewController.swift in Sources */,
				A07DAC10205AB6D1007DB71D /* AppDelegate.swift in Sources */,
			);
			runOnlyForDeploymentPostprocessing = 0;
		};
/* End PBXSourcesBuildPhase section */

/* Begin PBXVariantGroup section */
		A07DAC13205AB6D2007DB71D /* Main.storyboard */ = {
			isa = PBXVariantGroup;
			children = (
				A07DAC14205AB6D2007DB71D /* Base */,
			);
			name = Main.storyboard;
			sourceTree = "<group>";
		};
		A07DAC18205AB6D2007DB71D /* LaunchScreen.storyboard */ = {
			isa = PBXVariantGroup;
			children = (
				A07DAC19205AB6D2007DB71D /* Base */,
			);
			name = LaunchScreen.storyboard;
			sourceTree = "<group>";
		};
/* End PBXVariantGroup section */

/* Begin XCBuildConfiguration section */
		A07DAC1C205AB6D2007DB71D /* Debug */ = {
			isa = XCBuildConfiguration;
			buildSettings = {
				ALWAYS_SEARCH_USER_PATHS = NO;
				CLANG_ANALYZER_NONNULL = YES;
				CLANG_ANALYZER_NUMBER_OBJECT_CONVERSION = YES_AGGRESSIVE;
				CLANG_CXX_LANGUAGE_STANDARD = "gnu++14";
				CLANG_CXX_LIBRARY = "libc++";
				CLANG_ENABLE_MODULES = YES;
				CLANG_ENABLE_OBJC_ARC = YES;
				CLANG_WARN_BLOCK_CAPTURE_AUTORELEASING = YES;
				CLANG_WARN_BOOL_CONVERSION = YES;
				CLANG_WARN_COMMA = YES;
				CLANG_WARN_CONSTANT_CONVERSION = YES;
				CLANG_WARN_DIRECT_OBJC_ISA_USAGE = YES_ERROR;
				CLANG_WARN_DOCUMENTATION_COMMENTS = YES;
				CLANG_WARN_EMPTY_BODY = YES;
				CLANG_WARN_ENUM_CONVERSION = YES;
				CLANG_WARN_INFINITE_RECURSION = YES;
				CLANG_WARN_INT_CONVERSION = YES;
				CLANG_WARN_NON_LITERAL_NULL_CONVERSION = YES;
				CLANG_WARN_OBJC_LITERAL_CONVERSION = YES;
				CLANG_WARN_OBJC_ROOT_CLASS = YES_ERROR;
				CLANG_WARN_RANGE_LOOP_ANALYSIS = YES;
				CLANG_WARN_STRICT_PROTOTYPES = YES;
				CLANG_WARN_SUSPICIOUS_MOVE = YES;
				CLANG_WARN_UNGUARDED_AVAILABILITY = YES_AGGRESSIVE;
				CLANG_WARN_UNREACHABLE_CODE = YES;
				CLANG_WARN__DUPLICATE_METHOD_MATCH = YES;
				CODE_SIGN_IDENTITY = "iPhone Developer";
				COPY_PHASE_STRIP = NO;
				DEBUG_INFORMATION_FORMAT = dwarf;
				ENABLE_STRICT_OBJC_MSGSEND = YES;
				ENABLE_TESTABILITY = YES;
				GCC_C_LANGUAGE_STANDARD = gnu11;
				GCC_DYNAMIC_NO_PIC = NO;
				GCC_NO_COMMON_BLOCKS = YES;
				GCC_OPTIMIZATION_LEVEL = 0;
				GCC_PREPROCESSOR_DEFINITIONS = (
					"DEBUG=1",
					"$(inherited)",
				);
				GCC_WARN_64_TO_32_BIT_CONVERSION = YES;
				GCC_WARN_ABOUT_RETURN_TYPE = YES_ERROR;
				GCC_WARN_UNDECLARED_SELECTOR = YES;
				GCC_WARN_UNINITIALIZED_AUTOS = YES_AGGRESSIVE;
				GCC_WARN_UNUSED_FUNCTION = YES;
				GCC_WARN_UNUSED_VARIABLE = YES;
				IPHONEOS_DEPLOYMENT_TARGET = 11.2;
				MTL_ENABLE_DEBUG_INFO = YES;
				ONLY_ACTIVE_ARCH = YES;
				SDKROOT = iphoneos;
				SWIFT_ACTIVE_COMPILATION_CONDITIONS = DEBUG;
				SWIFT_OPTIMIZATION_LEVEL = "-Onone";
			};
			name = Debug;
		};
		A07DAC1D205AB6D2007DB71D /* Release */ = {
			isa = XCBuildConfiguration;
			buildSettings = {
				ALWAYS_SEARCH_USER_PATHS = NO;
				CLANG_ANALYZER_NONNULL = YES;
				CLANG_ANALYZER_NUMBER_OBJECT_CONVERSION = YES_AGGRESSIVE;
				CLANG_CXX_LANGUAGE_STANDARD = "gnu++14";
				CLANG_CXX_LIBRARY = "libc++";
				CLANG_ENABLE_MODULES = YES;
				CLANG_ENABLE_OBJC_ARC = YES;
				CLANG_WARN_BLOCK_CAPTURE_AUTORELEASING = YES;
				CLANG_WARN_BOOL_CONVERSION = YES;
				CLANG_WARN_COMMA = YES;
				CLANG_WARN_CONSTANT_CONVERSION = YES;
				CLANG_WARN_DIRECT_OBJC_ISA_USAGE = YES_ERROR;
				CLANG_WARN_DOCUMENTATION_COMMENTS = YES;
				CLANG_WARN_EMPTY_BODY = YES;
				CLANG_WARN_ENUM_CONVERSION = YES;
				CLANG_WARN_INFINITE_RECURSION = YES;
				CLANG_WARN_INT_CONVERSION = YES;
				CLANG_WARN_NON_LITERAL_NULL_CONVERSION = YES;
				CLANG_WARN_OBJC_LITERAL_CONVERSION = YES;
				CLANG_WARN_OBJC_ROOT_CLASS = YES_ERROR;
				CLANG_WARN_RANGE_LOOP_ANALYSIS = YES;
				CLANG_WARN_STRICT_PROTOTYPES = YES;
				CLANG_WARN_SUSPICIOUS_MOVE = YES;
				CLANG_WARN_UNGUARDED_AVAILABILITY = YES_AGGRESSIVE;
				CLANG_WARN_UNREACHABLE_CODE = YES;
				CLANG_WARN__DUPLICATE_METHOD_MATCH = YES;
				CODE_SIGN_IDENTITY = "iPhone Developer";
				COPY_PHASE_STRIP = NO;
				DEBUG_INFORMATION_FORMAT = "dwarf-with-dsym";
				ENABLE_NS_ASSERTIONS = NO;
				ENABLE_STRICT_OBJC_MSGSEND = YES;
				GCC_C_LANGUAGE_STANDARD = gnu11;
				GCC_NO_COMMON_BLOCKS = YES;
				GCC_WARN_64_TO_32_BIT_CONVERSION = YES;
				GCC_WARN_ABOUT_RETURN_TYPE = YES_ERROR;
				GCC_WARN_UNDECLARED_SELECTOR = YES;
				GCC_WARN_UNINITIALIZED_AUTOS = YES_AGGRESSIVE;
				GCC_WARN_UNUSED_FUNCTION = YES;
				GCC_WARN_UNUSED_VARIABLE = YES;
				IPHONEOS_DEPLOYMENT_TARGET = 11.2;
				MTL_ENABLE_DEBUG_INFO = NO;
				SDKROOT = iphoneos;
				SWIFT_OPTIMIZATION_LEVEL = "-Owholemodule";
				VALIDATE_PRODUCT = YES;
			};
			name = Release;
		};
		A07DAC1F205AB6D2007DB71D /* Debug */ = {
			isa = XCBuildConfiguration;
			buildSettings = {
				ASSETCATALOG_COMPILER_APPICON_NAME = AppIcon;
				CODE_SIGN_STYLE = Automatic;
				DEVELOPMENT_TEAM = 3R3734L64M;
				INFOPLIST_FILE = "TouchID Autentification/Info.plist";
				LD_RUNPATH_SEARCH_PATHS = "$(inherited) @executable_path/Frameworks";
				PRODUCT_BUNDLE_IDENTIFIER = "JHORJE18.TouchID-Autentification";
				PRODUCT_NAME = "$(TARGET_NAME)";
				SWIFT_VERSION = 4.0;
				TARGETED_DEVICE_FAMILY = "1,2";
			};
			name = Debug;
		};
		A07DAC20205AB6D2007DB71D /* Release */ = {
			isa = XCBuildConfiguration;
			buildSettings = {
				ASSETCATALOG_COMPILER_APPICON_NAME = AppIcon;
				CODE_SIGN_STYLE = Automatic;
				DEVELOPMENT_TEAM = 3R3734L64M;
				INFOPLIST_FILE = "TouchID Autentification/Info.plist";
				LD_RUNPATH_SEARCH_PATHS = "$(inherited) @executable_path/Frameworks";
				PRODUCT_BUNDLE_IDENTIFIER = "JHORJE18.TouchID-Autentification";
				PRODUCT_NAME = "$(TARGET_NAME)";
				SWIFT_VERSION = 4.0;
				TARGETED_DEVICE_FAMILY = "1,2";
			};
			name = Release;
		};
/* End XCBuildConfiguration section */

/* Begin XCConfigurationList section */
		A07DAC07205AB6D1007DB71D /* Build configuration list for PBXProject "TouchID Autentification" */ = {
			isa = XCConfigurationList;
			buildConfigurations = (
				A07DAC1C205AB6D2007DB71D /* Debug */,
				A07DAC1D205AB6D2007DB71D /* Release */,
			);
			defaultConfigurationIsVisible = 0;
			defaultConfigurationName = Release;
		};
		A07DAC1E205AB6D2007DB71D /* Build configuration list for PBXNativeTarget "TouchID Autentification" */ = {
			isa = XCConfigurationList;
			buildConfigurations = (
				A07DAC1F205AB6D2007DB71D /* Debug */,
				A07DAC20205AB6D2007DB71D /* Release */,
			);
			defaultConfigurationIsVisible = 0;
			defaultConfigurationName = Release;
		};
/* End XCConfigurationList section */
	};
	rootObject = A07DAC04205AB6D1007DB71D /* Project object */;
}
